Microsoft Visual Studio Solution File, Format Version 12.00
# Visual Studio 2012
VisualStudioVersion = 12.0.0.0
MinimumVisualStudioVersion = 10.0.0.1
Project("{FAE04EC0-301F-11D3-BF4B-00C04F79EFBC}") = "assembly-client-dotnet", "src\assembly-client-dotnet\assembly-client-dotnet.csproj", "{7332DA69-2296-44B5-819B-52C4E2DCD687}"
EndProject
Project("{FAE04EC0-301F-11D3-BF4B-00C04F79EFBC}") = "assembly-client-dotnet.Test", "src\assembly-client-dotnet.Test\assembly-client-dotnet.Test.csproj", "{19F1DEBC-DE5E-4517-8062-F000CD499087}"
EndProject
Global
	GlobalSection(SolutionConfigurationPlatforms) = preSolution
		Debug|Any CPU = Debug|Any CPU
		Release|Any CPU = Release|Any CPU
	EndGlobalSection
	GlobalSection(ProjectConfigurationPlatforms) = postSolution
		{7332DA69-2296-44B5-819B-52C4E2DCD687}.Debug|Any CPU.ActiveCfg = Debug|Any CPU
		{7332DA69-2296-44B5-819B-52C4E2DCD687}.Debug|Any CPU.Build.0 = Debug|Any CPU
		{7332DA69-2296-44B5-819B-52C4E2DCD687}.Release|Any CPU.ActiveCfg = Release|Any CPU
		{7332DA69-2296-44B5-819B-52C4E2DCD687}.Release|Any CPU.Build.0 = Release|Any CPU
		{19F1DEBC-DE5E-4517-8062-F000CD499087}.Debug|Any CPU.ActiveCfg = Debug|Any CPU
		{19F1DEBC-DE5E-4517-8062-F000CD499087}.Debug|Any CPU.Build.0 = Debug|Any CPU
		{19F1DEBC-DE5E-4517-8062-F000CD499087}.Release|Any CPU.ActiveCfg = Release|Any CPU
		{19F1DEBC-DE5E-4517-8062-F000CD499087}.Release|Any CPU.Build.0 = Release|Any CPU
	EndGlobalSection
	GlobalSection(SolutionProperties) = preSolution
		HideSolutionNode = FALSE
	EndGlobalSection
EndGlobal